
Microsoft Visual Studio Solution File, Format Version 12.00
# Visual Studio 2012
Project("{FAE04EC0-301F-11D3-BF4B-00C04F79EFBC}") = "WindowsFormsApplication1", "WindowsFormsApplication1\WindowsFormsApplication1.csproj", "{FAC7A929-E12C-4E61-9404-F39A1BA9EA69}"
EndProject
Global
	GlobalSection(SolutionConfigurationPlatforms) = preSolution
		Debug|Any CPU = Debug|Any CPU
		Release|Any CPU = Release|Any CPU
	EndGlobalSection
	GlobalSection(ProjectConfigurationPlatforms) = postSolution
		{FAC7A929-E12C-4E61-9404-F39A1BA9EA69}.Debug|Any CPU.ActiveCfg = Debug|Any CPU
		{FAC7A929-E12C-4E61-9404-F39A1BA9EA69}.Debug|Any CPU.Build.0 = Debug|Any CPU
		{FAC7A929-E12C-4E61-9404-F39A1BA9EA69}.Release|Any CPU.ActiveCfg = Release|Any CPU
		{FAC7A929-E12C-4E61-9404-F39A1BA9EA69}.Release|Any CPU.Build.0 = Release|Any CPU
	EndGlobalSection
	GlobalSection(SolutionProperties) = preSolution
		HideSolutionNode = FALSE
	EndGlobalSection
EndGlobal
